
Microsoft Visual Studio Solution File, Format Version 12.00
# Visual Studio Version 17
VisualStudioVersion = 17.5.2.0
MinimumVisualStudioVersion = 10.0.40219.1
Project("{FAE04EC0-301F-11D3-BF4B-00C04F79EFBC}") = "SecurePasswordGenerator", "SecurePasswordGenerator.csproj", "{231862E6-4A8A-D006-2690-53D723E5BB41}"
EndProject
Project("{FAE04EC0-301F-11D3-BF4B-00C04F79EFBC}") = "SecurePasswordGenerator.Tests", "SecurePasswordGenerator.Tests\SecurePasswordGenerator.Tests.csproj", "{7E7D138E-9875-4241-930D-94E0B696C61E}"
EndProject
Global
	GlobalSection(SolutionConfigurationPlatforms) = preSolution
		Debug|Any CPU = Debug|Any CPU
		Debug|x64 = Debug|x64
		Debug|x86 = Debug|x86
		Release|Any CPU = Release|Any CPU
		Release|x64 = Release|x64
		Release|x86 = Release|x86
	EndGlobalSection
	GlobalSection(ProjectConfigurationPlatforms) = postSolution
		{231862E6-4A8A-D006-2690-53D723E5BB41}.Debug|Any CPU.ActiveCfg = Debug|Any CPU
		{231862E6-4A8A-D006-2690-53D723E5BB41}.Debug|Any CPU.Build.0 = Debug|Any CPU
		{231862E6-4A8A-D006-2690-53D723E5BB41}.Debug|x64.ActiveCfg = Debug|Any CPU
		{231862E6-4A8A-D006-2690-53D723E5BB41}.Debug|x64.Build.0 = Debug|Any CPU
		{231862E6-4A8A-D006-2690-53D723E5BB41}.Debug|x86.ActiveCfg = Debug|Any CPU
		{231862E6-4A8A-D006-2690-53D723E5BB41}.Debug|x86.Build.0 = Debug|Any CPU
		{231862E6-4A8A-D006-2690-53D723E5BB41}.Release|Any CPU.ActiveCfg = Release|Any CPU
		{231862E6-4A8A-D006-2690-53D723E5BB41}.Release|Any CPU.Build.0 = Release|Any CPU
		{231862E6-4A8A-D006-2690-53D723E5BB41}.Release|x64.ActiveCfg = Release|Any CPU
		{231862E6-4A8A-D006-2690-53D723E5BB41}.Release|x64.Build.0 = Release|Any CPU
		{231862E6-4A8A-D006-2690-53D723E5BB41}.Release|x86.ActiveCfg = Release|Any CPU
		{231862E6-4A8A-D006-2690-53D723E5BB41}.Release|x86.Build.0 = Release|Any CPU
		{7E7D138E-9875-4241-930D-94E0B696C61E}.Debug|Any CPU.ActiveCfg = Debug|Any CPU
		{7E7D138E-9875-4241-930D-94E0B696C61E}.Debug|Any CPU.Build.0 = Debug|Any CPU
		{7E7D138E-9875-4241-930D-94E0B696C61E}.Debug|x64.ActiveCfg = Debug|Any CPU
		{7E7D138E-9875-4241-930D-94E0B696C61E}.Debug|x64.Build.0 = Debug|Any CPU
		{7E7D138E-9875-4241-930D-94E0B696C61E}.Debug|x86.ActiveCfg = Debug|Any CPU
		{7E7D138E-9875-4241-930D-94E0B696C61E}.Debug|x86.Build.0 = Debug|Any CPU
		{7E7D138E-9875-4241-930D-94E0B696C61E}.Release|Any CPU.ActiveCfg = Release|Any CPU
		{7E7D138E-9875-4241-930D-94E0B696C61E}.Release|Any CPU.Build.0 = Release|Any CPU
		{7E7D138E-9875-4241-930D-94E0B696C61E}.Release|x64.ActiveCfg = Release|Any CPU
		{7E7D138E-9875-4241-930D-94E0B696C61E}.Release|x64.Build.0 = Release|Any CPU
		{7E7D138E-9875-4241-930D-94E0B696C61E}.Release|x86.ActiveCfg = Release|Any CPU
		{7E7D138E-9875-4241-930D-94E0B696C61E}.Release|x86.Build.0 = Release|Any CPU
	EndGlobalSection
	GlobalSection(SolutionProperties) = preSolution
		HideSolutionNode = FALSE
	EndGlobalSection
	GlobalSection(ExtensibilityGlobals) = postSolution
		SolutionGuid = {B8987A1C-675C-46FB-82D0-04C414A3C9C0}
	EndGlobalSection
EndGlobal
